// !$*UTF8*$!
{
	archiveVersion = 1;
	classes = {
	};
	objectVersion = 46;
	objects = {

/* Begin PBXBuildFile section */
		4B0CEAC51717D72500B1589E /* T4SearchViewController.m in Sources */ = {isa = PBXBuildFile; fileRef = 4B0CEAC31717D72500B1589E /* T4SearchViewController.m */; };
		4B0CEAC61717D72500B1589E /* T4SearchViewController.xib in Resources */ = {isa = PBXBuildFile; fileRef = 4B0CEAC41717D72500B1589E /* T4SearchViewController.xib */; };
		4B0CEACA1717DEE000B1589E /* search_button_normal@2x.png in Resources */ = {isa = PBXBuildFile; fileRef = 4B0CEAC81717DEE000B1589E /* search_button_normal@2x.png */; };
		4B0CEACB1717DEE000B1589E /* search_button_press@2x.png in Resources */ = {isa = PBXBuildFile; fileRef = 4B0CEAC91717DEE000B1589E /* search_button_press@2x.png */; };
		4B0CEACF1717FE4E00B1589E /* Default-568h@2x.png in Resources */ = {isa = PBXBuildFile; fileRef = 4B0CEACC1717FE4E00B1589E /* Default-568h@2x.png */; };
		4B0CEAD01717FE4E00B1589E /* Default.png in Resources */ = {isa = PBXBuildFile; fileRef = 4B0CEACD1717FE4E00B1589E /* Default.png */; };
		4B0CEAD11717FE4E00B1589E /* Default@2x.png in Resources */ = {isa = PBXBuildFile; fileRef = 4B0CEACE1717FE4E00B1589E /* Default@2x.png */; };
		4B0CEAD61717FF7A00B1589E /* search_bar_bg@2x.png in Resources */ = {isa = PBXBuildFile; fileRef = 4B0CEAD21717FF7A00B1589E /* search_bar_bg@2x.png */; };
		4B0CEAD71717FF7A00B1589E /* search_cell_icon@2x.png in Resources */ = {isa = PBXBuildFile; fileRef = 4B0CEAD31717FF7A00B1589E /* search_cell_icon@2x.png */; };
		4B0CEAD81717FF7A00B1589E /* search_icon@2x.png in Resources */ = {isa = PBXBuildFile; fileRef = 4B0CEAD41717FF7A00B1589E /* search_icon@2x.png */; };
		4B0CEAD91717FF7A00B1589E /* search_input_bg@2x.png in Resources */ = {isa = PBXBuildFile; fileRef = 4B0CEAD51717FF7A00B1589E /* search_input_bg@2x.png */; };
		4B14738717156B4A00CC7A6F /* main_project_cell_selected@2x.png in Resources */ = {isa = PBXBuildFile; fileRef = 4B14738617156B4A00CC7A6F /* main_project_cell_selected@2x.png */; };
		4B46DF8F1721718400B3FC90 /* design_btn_album_normal@2x.png in Resources */ = {isa = PBXBuildFile; fileRef = 4B46DF891721718400B3FC90 /* design_btn_album_normal@2x.png */; };
		4B46DF901721718400B3FC90 /* design_btn_album_press@2x.png in Resources */ = {isa = PBXBuildFile; fileRef = 4B46DF8A1721718400B3FC90 /* design_btn_album_press@2x.png */; };
		4B46DF911721718400B3FC90 /* design_btn_camera_normal@2x.png in Resources */ = {isa = PBXBuildFile; fileRef = 4B46DF8B1721718400B3FC90 /* design_btn_camera_normal@2x.png */; };
		4B46DF921721718400B3FC90 /* design_btn_camera_press@2x.png in Resources */ = {isa = PBXBuildFile; fileRef = 4B46DF8C1721718400B3FC90 /* design_btn_camera_press@2x.png */; };
		4B46DF931721718400B3FC90 /* design_btn_widget_normal@2x.png in Resources */ = {isa = PBXBuildFile; fileRef = 4B46DF8D1721718400B3FC90 /* design_btn_widget_normal@2x.png */; };
		4B46DF941721718400B3FC90 /* design_btn_widget_press@2x.png in Resources */ = {isa = PBXBuildFile; fileRef = 4B46DF8E1721718400B3FC90 /* design_btn_widget_press@2x.png */; };
		4B5646721723E7CD00FD7973 /* T4EditDialog.m in Sources */ = {isa = PBXBuildFile; fileRef = 4B56466F1723E7CD00FD7973 /* T4EditDialog.m */; };
		4B5646731723E7CD00FD7973 /* T4OptionsDialog.m in Sources */ = {isa = PBXBuildFile; fileRef = 4B5646711723E7CD00FD7973 /* T4OptionsDialog.m */; };
		4B5646DE17242CB600FD7973 /* edit_dialog_button_normal@2x.png in Resources */ = {isa = PBXBuildFile; fileRef = 4B5646DC17242CB600FD7973 /* edit_dialog_button_normal@2x.png */; };
		4B5646DF17242CB600FD7973 /* edit_dialog_button_press@2x.png in Resources */ = {isa = PBXBuildFile; fileRef = 4B5646DD17242CB600FD7973 /* edit_dialog_button_press@2x.png */; };
		4B79E7F8171165CE004C151A /* T4AppDelegate.m in Sources */ = {isa = PBXBuildFile; fileRef = 4B79E7F7171165CE004C151A /* T4AppDelegate.m */; };
		4B79E8141711CC83004C151A /* T4ControllerManager.m in Sources */ = {isa = PBXBuildFile; fileRef = 4B79E8131711CC83004C151A /* T4ControllerManager.m */; };
		4B79E817171262E9004C151A /* T4UIViewData.m in Sources */ = {isa = PBXBuildFile; fileRef = 4B79E816171262E9004C151A /* T4UIViewData.m */; };
		4B79E81C17128B5D004C151A /* JSONKit.m in Sources */ = {isa = PBXBuildFile; fileRef = 4B79E81B17128B5D004C151A /* JSONKit.m */; };
		4B79E8221712A7C7004C151A /* T4UIManager.m in Sources */ = {isa = PBXBuildFile; fileRef = 4B79E8211712A7C7004C151A /* T4UIManager.m */; };
		4B79E8251712A908004C151A /* T4UIFactory.m in Sources */ = {isa = PBXBuildFile; fileRef = 4B79E8241712A908004C151A /* T4UIFactory.m */; };
		4B79E8281712AB03004C151A /* T4UICanvas.m in Sources */ = {isa = PBXBuildFile; fileRef = 4B79E8271712AB03004C151A /* T4UICanvas.m */; };
		4B79E82B1712AD32004C151A /* T4UIBuilder.m in Sources */ = {isa = PBXBuildFile; fileRef = 4B79E82A1712AD31004C151A /* T4UIBuilder.m */; };
		4B79E82F1712B77F004C151A /* T4MainViewController.m in Sources */ = {isa = PBXBuildFile; fileRef = 4B79E82D1712B77D004C151A /* T4MainViewController.m */; };
		4B79E8301712B77F004C151A /* T4MainViewController.xib in Resources */ = {isa = PBXBuildFile; fileRef = 4B79E82E1712B77E004C151A /* T4MainViewController.xib */; };
		4B79E8341712C476004C151A /* T4ViewController.m in Sources */ = {isa = PBXBuildFile; fileRef = 4B79E8331712C475004C151A /* T4ViewController.m */; };
		4B79E8381712C61F004C151A /* nav_bar_button_normal@2x.png in Resources */ = {isa = PBXBuildFile; fileRef = 4B79E8361712C61F004C151A /* nav_bar_button_normal@2x.png */; };
		4B79E8391712C61F004C151A /* nav_bar_button_press@2x.png in Resources */ = {isa = PBXBuildFile; fileRef = 4B79E8371712C61F004C151A /* nav_bar_button_press@2x.png */; };
		4B8B725E170BD11C00C47854 /* UIKit.framework in Frameworks */ = {isa = PBXBuildFile; fileRef = 4B8B725D170BD11C00C47854 /* UIKit.framework */; };
		4B8B7260170BD11C00C47854 /* Foundation.framework in Frameworks */ = {isa = PBXBuildFile; fileRef = 4B8B725F170BD11C00C47854 /* Foundation.framework */; };
		4B8B7262170BD11C00C47854 /* CoreGraphics.framework in Frameworks */ = {isa = PBXBuildFile; fileRef = 4B8B7261170BD11C00C47854 /* CoreGraphics.framework */; };
		4B8B7268170BD11C00C47854 /* InfoPlist.strings in Resources */ = {isa = PBXBuildFile; fileRef = 4B8B7266170BD11C00C47854 /* InfoPlist.strings */; };
		4B8B726A170BD11C00C47854 /* main.m in Sources */ = {isa = PBXBuildFile; fileRef = 4B8B7269170BD11C00C47854 /* main.m */; };
		4B91CE14171EFEAE0094F7CA /* edit_dialog_bg@2x.png in Resources */ = {isa = PBXBuildFile; fileRef = 4B91CE12171EFEAE0094F7CA /* edit_dialog_bg@2x.png */; };
		4B91CE15171EFEAE0094F7CA /* options_dialog_bg@2x.png in Resources */ = {isa = PBXBuildFile; fileRef = 4B91CE13171EFEAE0094F7CA /* options_dialog_bg@2x.png */; };
		4B9B8E7E171D95AC00C979F4 /* T4Dialog.m in Sources */ = {isa = PBXBuildFile; fileRef = 4B9B8E7D171D95AC00C979F4 /* T4Dialog.m */; };
		4BC5DA4A1718DDD800A90BA0 /* T4ProjectViewController.m in Sources */ = {isa = PBXBuildFile; fileRef = 4BC5DA481718DDD700A90BA0 /* T4ProjectViewController.m */; };
		4BC5DA4B1718DDD800A90BA0 /* T4ProjectViewController.xib in Resources */ = {isa = PBXBuildFile; fileRef = 4BC5DA491718DDD800A90BA0 /* T4ProjectViewController.xib */; };
		4BC5DA4E1718EDBC00A90BA0 /* T4SearchCell.m in Sources */ = {isa = PBXBuildFile; fileRef = 4BC5DA4D1718EDBC00A90BA0 /* T4SearchCell.m */; };
		4BC5DA50171904F000A90BA0 /* nav_bar_edit@2x.png in Resources */ = {isa = PBXBuildFile; fileRef = 4BC5DA4F171904F000A90BA0 /* nav_bar_edit@2x.png */; };
		4BD34A461714650800DEA8A7 /* T4ProjectCell.m in Sources */ = {isa = PBXBuildFile; fileRef = 4BD34A451714650800DEA8A7 /* T4ProjectCell.m */; };
		4BD34A491714676200DEA8A7 /* T4TableViewCell.m in Sources */ = {isa = PBXBuildFile; fileRef = 4BD34A481714676200DEA8A7 /* T4TableViewCell.m */; };
		4BD34A4C17146AF000DEA8A7 /* main_project_cell_empty@2x.png in Resources */ = {isa = PBXBuildFile; fileRef = 4BD34A4A17146AF000DEA8A7 /* main_project_cell_empty@2x.png */; };
		4BD34A4D17146AF000DEA8A7 /* main_project_cell_full@2x.png in Resources */ = {isa = PBXBuildFile; fileRef = 4BD34A4B17146AF000DEA8A7 /* main_project_cell_full@2x.png */; };
		4BD814511713D61900E5A54A /* nav_bar_image_add@2x.png in Resources */ = {isa = PBXBuildFile; fileRef = 4BD8144E1713D61900E5A54A /* nav_bar_image_add@2x.png */; };
		4BD814521713D61900E5A54A /* nav_bar_image_back@2x.png in Resources */ = {isa = PBXBuildFile; fileRef = 4BD8144F1713D61900E5A54A /* nav_bar_image_back@2x.png */; };
		4BD814531713D61900E5A54A /* nav_bar_image_setting@2x.png in Resources */ = {isa = PBXBuildFile; fileRef = 4BD814501713D61900E5A54A /* nav_bar_image_setting@2x.png */; };
		4BD81455171404D500E5A54A /* nav_bar_bg@2x.png in Resources */ = {isa = PBXBuildFile; fileRef = 4BD81454171404D500E5A54A /* nav_bar_bg@2x.png */; };
		4BD814581714059D00E5A54A /* main_add_project@2x.png in Resources */ = {isa = PBXBuildFile; fileRef = 4BD814571714059D00E5A54A /* main_add_project@2x.png */; };
		4BD8145C1714080100E5A54A /* T4UIProject.m in Sources */ = {isa = PBXBuildFile; fileRef = 4BD8145B1714080100E5A54A /* T4UIProject.m */; };
		4BD8145F1714086500E5A54A /* T4UIProjectManager.m in Sources */ = {isa = PBXBuildFile; fileRef = 4BD8145E1714086500E5A54A /* T4UIProjectManager.m */; };
		4BD8146B17141D4E00E5A54A /* main_table_view_block@2x.png in Resources */ = {isa = PBXBuildFile; fileRef = 4BD8146917141D4E00E5A54A /* main_table_view_block@2x.png */; };
		4BD8146C17141D4E00E5A54A /* main_table_view_list@2x.png in Resources */ = {isa = PBXBuildFile; fileRef = 4BD8146A17141D4E00E5A54A /* main_table_view_list@2x.png */; };
		4BDD97D2171A9CF50023E20C /* app_icon.png in Resources */ = {isa = PBXBuildFile; fileRef = 4BDD97D1171A9CF50023E20C /* app_icon.png */; };
		4BDD97D4171A9CF90023E20C /* app_icon@2x.png in Resources */ = {isa = PBXBuildFile; fileRef = 4BDD97D3171A9CF90023E20C /* app_icon@2x.png */; };
		4BDD97D7171A9E9E0023E20C /* T4Toast.m in Sources */ = {isa = PBXBuildFile; fileRef = 4BDD97D6171A9E9E0023E20C /* T4Toast.m */; };
/* End PBXBuildFile section */

/* Begin PBXFileReference section */
		4B0CEAC21717D72500B1589E /* T4SearchViewController.h */ = {isa = PBXFileReference; fileEncoding = 4; lastKnownFileType = sourcecode.c.h; name = T4SearchViewController.h; path = Classes/T4SearchViewController.h; sourceTree = "<group>"; };
		4B0CEAC31717D72500B1589E /* T4SearchViewController.m */ = {isa = PBXFileReference; fileEncoding = 4; lastKnownFileType = sourcecode.c.objc; name = T4SearchViewController.m; path = Classes/T4SearchViewController.m; sourceTree = "<group>"; };
		4B0CEAC41717D72500B1589E /* T4SearchViewController.xib */ = {isa = PBXFileReference; fileEncoding = 4; lastKnownFileType = file.xib; name = T4SearchViewController.xib; path = Classes/T4SearchViewController.xib; sourceTree = "<group>"; };
		4B0CEAC81717DEE000B1589E /* search_button_normal@2x.png */ = {isa = PBXFileReference; lastKnownFileType = image.png; path = "search_button_normal@2x.png"; sourceTree = "<group>"; };
		4B0CEAC91717DEE000B1589E /* search_button_press@2x.png */ = {isa = PBXFileReference; lastKnownFileType = image.png; path = "search_button_press@2x.png"; sourceTree = "<group>"; };
		4B0CEACC1717FE4E00B1589E /* Default-568h@2x.png */ = {isa = PBXFileReference; lastKnownFileType = image.png; path = "Default-568h@2x.png"; sourceTree = "<group>"; };
		4B0CEACD1717FE4E00B1589E /* Default.png */ = {isa = PBXFileReference; lastKnownFileType = image.png; path = Default.png; sourceTree = "<group>"; };
		4B0CEACE1717FE4E00B1589E /* Default@2x.png */ = {isa = PBXFileReference; lastKnownFileType = image.png; path = "Default@2x.png"; sourceTree = "<group>"; };
		4B0CEAD21717FF7A00B1589E /* search_bar_bg@2x.png */ = {isa = PBXFileReference; lastKnownFileType = image.png; path = "search_bar_bg@2x.png"; sourceTree = "<group>"; };
		4B0CEAD31717FF7A00B1589E /* search_cell_icon@2x.png */ = {isa = PBXFileReference; lastKnownFileType = image.png; path = "search_cell_icon@2x.png"; sourceTree = "<group>"; };
		4B0CEAD41717FF7A00B1589E /* search_icon@2x.png */ = {isa = PBXFileReference; lastKnownFileType = image.png; path = "search_icon@2x.png"; sourceTree = "<group>"; };
		4B0CEAD51717FF7A00B1589E /* search_input_bg@2x.png */ = {isa = PBXFileReference; lastKnownFileType = image.png; path = "search_input_bg@2x.png"; sourceTree = "<group>"; };
		4B14738617156B4A00CC7A6F /* main_project_cell_selected@2x.png */ = {isa = PBXFileReference; lastKnownFileType = image.png; path = "main_project_cell_selected@2x.png"; sourceTree = "<group>"; };
		4B46DF891721718400B3FC90 /* design_btn_album_normal@2x.png */ = {isa = PBXFileReference; lastKnownFileType = image.png; path = "design_btn_album_normal@2x.png"; sourceTree = "<group>"; };
		4B46DF8A1721718400B3FC90 /* design_btn_album_press@2x.png */ = {isa = PBXFileReference; lastKnownFileType = image.png; path = "design_btn_album_press@2x.png"; sourceTree = "<group>"; };
		4B46DF8B1721718400B3FC90 /* design_btn_camera_normal@2x.png */ = {isa = PBXFileReference; lastKnownFileType = image.png; path = "design_btn_camera_normal@2x.png"; sourceTree = "<group>"; };
		4B46DF8C1721718400B3FC90 /* design_btn_camera_press@2x.png */ = {isa = PBXFileReference; lastKnownFileType = image.png; path = "design_btn_camera_press@2x.png"; sourceTree = "<group>"; };
		4B46DF8D1721718400B3FC90 /* design_btn_widget_normal@2x.png */ = {isa = PBXFileReference; lastKnownFileType = image.png; path = "design_btn_widget_normal@2x.png"; sourceTree = "<group>"; };
		4B46DF8E1721718400B3FC90 /* design_btn_widget_press@2x.png */ = {isa = PBXFileReference; lastKnownFileType = image.png; path = "design_btn_widget_press@2x.png"; sourceTree = "<group>"; };
		4B56466E1723E7CD00FD7973 /* T4EditDialog.h */ = {isa = PBXFileReference; fileEncoding = 4; lastKnownFileType = sourcecode.c.h; name = T4EditDialog.h; path = Classes/T4EditDialog.h; sourceTree = "<group>"; };
		4B56466F1723E7CD00FD7973 /* T4EditDialog.m */ = {isa = PBXFileReference; fileEncoding = 4; lastKnownFileType = sourcecode.c.objc; name = T4EditDialog.m; path = Classes/T4EditDialog.m; sourceTree = "<group>"; };
		4B5646701723E7CD00FD7973 /* T4OptionsDialog.h */ = {isa = PBXFileReference; fileEncoding = 4; lastKnownFileType = sourcecode.c.h; name = T4OptionsDialog.h; path = Classes/T4OptionsDialog.h; sourceTree = "<group>"; };
		4B5646711723E7CD00FD7973 /* T4OptionsDialog.m */ = {isa = PBXFileReference; fileEncoding = 4; lastKnownFileType = sourcecode.c.objc; name = T4OptionsDialog.m; path = Classes/T4OptionsDialog.m; sourceTree = "<group>"; };
		4B5646DC17242CB600FD7973 /* edit_dialog_button_normal@2x.png */ = {isa = PBXFileReference; lastKnownFileType = image.png; path = "edit_dialog_button_normal@2x.png"; sourceTree = "<group>"; };
		4B5646DD17242CB600FD7973 /* edit_dialog_button_press@2x.png */ = {isa = PBXFileReference; lastKnownFileType = image.png; path = "edit_dialog_button_press@2x.png"; sourceTree = "<group>"; };
		4B79E7F6171165CE004C151A /* T4AppDelegate.h */ = {isa = PBXFileReference; fileEncoding = 4; lastKnownFileType = sourcecode.c.h; path = T4AppDelegate.h; sourceTree = "<group>"; };
		4B79E7F7171165CE004C151A /* T4AppDelegate.m */ = {isa = PBXFileReference; fileEncoding = 4; lastKnownFileType = sourcecode.c.objc; path = T4AppDelegate.m; sourceTree = "<group>"; };
		4B79E8121711CC83004C151A /* T4ControllerManager.h */ = {isa = PBXFileReference; fileEncoding = 4; lastKnownFileType = sourcecode.c.h; name = T4ControllerManager.h; path = Classes/T4ControllerManager.h; sourceTree = "<group>"; };
		4B79E8131711CC83004C151A /* T4ControllerManager.m */ = {isa = PBXFileReference; fileEncoding = 4; lastKnownFileType = sourcecode.c.objc; name = T4ControllerManager.m; path = Classes/T4ControllerManager.m; sourceTree = "<group>"; };
		4B79E815171262E9004C151A /* T4UIViewData.h */ = {isa = PBXFileReference; fileEncoding = 4; lastKnownFileType = sourcecode.c.h; name = T4UIViewData.h; path = Classes/T4UIViewData.h; sourceTree = "<group>"; };
		4B79E816171262E9004C151A /* T4UIViewData.m */ = {isa = PBXFileReference; fileEncoding = 4; lastKnownFileType = sourcecode.c.objc; name = T4UIViewData.m; path = Classes/T4UIViewData.m; sourceTree = "<group>"; };
		4B79E81A17128B5D004C151A /* JSONKit.h */ = {isa = PBXFileReference; fileEncoding = 4; lastKnownFileType = sourcecode.c.h; path = JSONKit.h; sourceTree = "<group>"; };
		4B79E81B17128B5D004C151A /* JSONKit.m */ = {isa = PBXFileReference; fileEncoding = 4; lastKnownFileType = sourcecode.c.objc; path = JSONKit.m; sourceTree = "<group>"; };
		4B79E8201712A7C6004C151A /* T4UIManager.h */ = {isa = PBXFileReference; fileEncoding = 4; lastKnownFileType = sourcecode.c.h; name = T4UIManager.h; path = Classes/T4UIManager.h; sourceTree = "<group>"; };
		4B79E8211712A7C7004C151A /* T4UIManager.m */ = {isa = PBXFileReference; fileEncoding = 4; lastKnownFileType = sourcecode.c.objc; name = T4UIManager.m; path = Classes/T4UIManager.m; sourceTree = "<group>"; };
		4B79E8231712A908004C151A /* T4UIFactory.h */ = {isa = PBXFileReference; fileEncoding = 4; lastKnownFileType = sourcecode.c.h; name = T4UIFactory.h; path = Classes/T4UIFactory.h; sourceTree = "<group>"; };
		4B79E8241712A908004C151A /* T4UIFactory.m */ = {isa = PBXFileReference; fileEncoding = 4; lastKnownFileType = sourcecode.c.objc; name = T4UIFactory.m; path = Classes/T4UIFactory.m; sourceTree = "<group>"; };
		4B79E8261712AB02004C151A /* T4UICanvas.h */ = {isa = PBXFileReference; fileEncoding = 4; lastKnownFileType = sourcecode.c.h; name = T4UICanvas.h; path = Classes/T4UICanvas.h; sourceTree = "<group>"; };
		4B79E8271712AB03004C151A /* T4UICanvas.m */ = {isa = PBXFileReference; fileEncoding = 4; lastKnownFileType = sourcecode.c.objc; name = T4UICanvas.m; path = Classes/T4UICanvas.m; sourceTree = "<group>"; };
		4B79E8291712AD31004C151A /* T4UIBuilder.h */ = {isa = PBXFileReference; fileEncoding = 4; lastKnownFileType = sourcecode.c.h; name = T4UIBuilder.h; path = Classes/T4UIBuilder.h; sourceTree = "<group>"; };
		4B79E82A1712AD31004C151A /* T4UIBuilder.m */ = {isa = PBXFileReference; fileEncoding = 4; lastKnownFileType = sourcecode.c.objc; name = T4UIBuilder.m; path = Classes/T4UIBuilder.m; sourceTree = "<group>"; };
		4B79E82C1712B77D004C151A /* T4MainViewController.h */ = {isa = PBXFileReference; fileEncoding = 4; lastKnownFileType = sourcecode.c.h; name = T4MainViewController.h; path = Classes/T4MainViewController.h; sourceTree = "<group>"; };
		4B79E82D1712B77D004C151A /* T4MainViewController.m */ = {isa = PBXFileReference; fileEncoding = 4; lastKnownFileType = sourcecode.c.objc; name = T4MainViewController.m; path = Classes/T4MainViewController.m; sourceTree = "<group>"; };
		4B79E82E1712B77E004C151A /* T4MainViewController.xib */ = {isa = PBXFileReference; fileEncoding = 4; lastKnownFileType = file.xib; name = T4MainViewController.xib; path = Classes/T4MainViewController.xib; sourceTree = "<group>"; };
		4B79E8311712B846004C151A /* SynthesizeSingleton.h */ = {isa = PBXFileReference; fileEncoding = 4; lastKnownFileType = sourcecode.c.h; path = SynthesizeSingleton.h; sourceTree = "<group>"; };
		4B79E8321712C475004C151A /* T4ViewController.h */ = {isa = PBXFileReference; fileEncoding = 4; lastKnownFileType = sourcecode.c.h; name = T4ViewController.h; path = Classes/T4ViewController.h; sourceTree = "<group>"; };
		4B79E8331712C475004C151A /* T4ViewController.m */ = {isa = PBXFileReference; fileEncoding = 4; lastKnownFileType = sourcecode.c.objc; name = T4ViewController.m; path = Classes/T4ViewController.m; sourceTree = "<group>"; };
		4B79E8361712C61F004C151A /* nav_bar_button_normal@2x.png */ = {isa = PBXFileReference; lastKnownFileType = image.png; path = "nav_bar_button_normal@2x.png"; sourceTree = "<group>"; };
		4B79E8371712C61F004C151A /* nav_bar_button_press@2x.png */ = {isa = PBXFileReference; lastKnownFileType = image.png; path = "nav_bar_button_press@2x.png"; sourceTree = "<group>"; };
		4B8B725A170BD11C00C47854 /* UIdea.app */ = {isa = PBXFileReference; explicitFileType = wrapper.application; includeInIndex = 0; path = UIdea.app; sourceTree = BUILT_PRODUCTS_DIR; };
		4B8B725D170BD11C00C47854 /* UIKit.framework */ = {isa = PBXFileReference; lastKnownFileType = wrapper.framework; name = UIKit.framework; path = System/Library/Frameworks/UIKit.framework; sourceTree = SDKROOT; };
		4B8B725F170BD11C00C47854 /* Foundation.framework */ = {isa = PBXFileReference; lastKnownFileType = wrapper.framework; name = Foundation.framework; path = System/Library/Frameworks/Foundation.framework; sourceTree = SDKROOT; };
		4B8B7261170BD11C00C47854 /* CoreGraphics.framework */ = {isa = PBXFileReference; lastKnownFileType = wrapper.framework; name = CoreGraphics.framework; path = System/Library/Frameworks/CoreGraphics.framework; sourceTree = SDKROOT; };
		4B8B7265170BD11C00C47854 /* UIdea-Info.plist */ = {isa = PBXFileReference; lastKnownFileType = text.plist.xml; path = "UIdea-Info.plist"; sourceTree = "<group>"; };
		4B8B7267170BD11C00C47854 /* en */ = {isa = PBXFileReference; lastKnownFileType = text.plist.strings; name = en; path = en.lproj/InfoPlist.strings; sourceTree = "<group>"; };
		4B8B7269170BD11C00C47854 /* main.m */ = {isa = PBXFileReference; lastKnownFileType = sourcecode.c.objc; path = main.m; sourceTree = "<group>"; };
		4B8B726B170BD11C00C47854 /* UIdea-Prefix.pch */ = {isa = PBXFileReference; lastKnownFileType = sourcecode.c.h; path = "UIdea-Prefix.pch"; sourceTree = "<group>"; };
		4B91CE12171EFEAE0094F7CA /* edit_dialog_bg@2x.png */ = {isa = PBXFileReference; lastKnownFileType = image.png; path = "edit_dialog_bg@2x.png"; sourceTree = "<group>"; };
		4B91CE13171EFEAE0094F7CA /* options_dialog_bg@2x.png */ = {isa = PBXFileReference; lastKnownFileType = image.png; path = "options_dialog_bg@2x.png"; sourceTree = "<group>"; };
		4B9B8E7C171D95AC00C979F4 /* T4Dialog.h */ = {isa = PBXFileReference; fileEncoding = 4; lastKnownFileType = sourcecode.c.h; name = T4Dialog.h; path = Classes/UIKit/T4Dialog.h; sourceTree = "<group>"; };
		4B9B8E7D171D95AC00C979F4 /* T4Dialog.m */ = {isa = PBXFileReference; fileEncoding = 4; lastKnownFileType = sourcecode.c.objc; name = T4Dialog.m; path = Classes/UIKit/T4Dialog.m; sourceTree = "<group>"; };
		4BC5DA471718DDD700A90BA0 /* T4ProjectViewController.h */ = {isa = PBXFileReference; fileEncoding = 4; lastKnownFileType = sourcecode.c.h; name = T4ProjectViewController.h; path = Classes/T4ProjectViewController.h; sourceTree = "<group>"; };
		4BC5DA481718DDD700A90BA0 /* T4ProjectViewController.m */ = {isa = PBXFileReference; fileEncoding = 4; lastKnownFileType = sourcecode.c.objc; name = T4ProjectViewController.m; path = Classes/T4ProjectViewController.m; sourceTree = "<group>"; };
		4BC5DA491718DDD800A90BA0 /* T4ProjectViewController.xib */ = {isa = PBXFileReference; fileEncoding = 4; lastKnownFileType = file.xib; name = T4ProjectViewController.xib; path = Classes/T4ProjectViewController.xib; sourceTree = "<group>"; };
		4BC5DA4C1718EDBC00A90BA0 /* T4SearchCell.h */ = {isa = PBXFileReference; fileEncoding = 4; lastKnownFileType = sourcecode.c.h; name = T4SearchCell.h; path = Classes/T4SearchCell.h; sourceTree = "<group>"; };
		4BC5DA4D1718EDBC00A90BA0 /* T4SearchCell.m */ = {isa = PBXFileReference; fileEncoding = 4; lastKnownFileType = sourcecode.c.objc; name = T4SearchCell.m; path = Classes/T4SearchCell.m; sourceTree = "<group>"; };
		4BC5DA4F171904F000A90BA0 /* nav_bar_edit@2x.png */ = {isa = PBXFileReference; lastKnownFileType = image.png; path = "nav_bar_edit@2x.png"; sourceTree = "<group>"; };
		4BD34A411714626800DEA8A7 /* T4Macros.h */ = {isa = PBXFileReference; fileEncoding = 4; lastKnownFileType = sourcecode.c.h; path = T4Macros.h; sourceTree = "<group>"; };
		4BD34A441714650800DEA8A7 /* T4ProjectCell.h */ = {isa = PBXFileReference; fileEncoding = 4; lastKnownFileType = sourcecode.c.h; name = T4ProjectCell.h; path = Classes/T4ProjectCell.h; sourceTree = "<group>"; };
		4BD34A451714650800DEA8A7 /* T4ProjectCell.m */ = {isa = PBXFileReference; fileEncoding = 4; lastKnownFileType = sourcecode.c.objc; name = T4ProjectCell.m; path = Classes/T4ProjectCell.m; sourceTree = "<group>"; };
		4BD34A471714676200DEA8A7 /* T4TableViewCell.h */ = {isa = PBXFileReference; fileEncoding = 4; lastKnownFileType = sourcecode.c.h; name = T4TableViewCell.h; path = Classes/T4TableViewCell.h; sourceTree = "<group>"; };
		4BD34A481714676200DEA8A7 /* T4TableViewCell.m */ = {isa = PBXFileReference; fileEncoding = 4; lastKnownFileType = sourcecode.c.objc; name = T4TableViewCell.m; path = Classes/T4TableViewCell.m; sourceTree = "<group>"; };
		4BD34A4A17146AF000DEA8A7 /* main_project_cell_empty@2x.png */ = {isa = PBXFileReference; lastKnownFileType = image.png; path = "main_project_cell_empty@2x.png"; sourceTree = "<group>"; };
		4BD34A4B17146AF000DEA8A7 /* main_project_cell_full@2x.png */ = {isa = PBXFileReference; lastKnownFileType = image.png; path = "main_project_cell_full@2x.png"; sourceTree = "<group>"; };
		4BD8144E1713D61900E5A54A /* nav_bar_image_add@2x.png */ = {isa = PBXFileReference; lastKnownFileType = image.png; path = "nav_bar_image_add@2x.png"; sourceTree = "<group>"; };
		4BD8144F1713D61900E5A54A /* nav_bar_image_back@2x.png */ = {isa = PBXFileReference; lastKnownFileType = image.png; path = "nav_bar_image_back@2x.png"; sourceTree = "<group>"; };
		4BD814501713D61900E5A54A /* nav_bar_image_setting@2x.png */ = {isa = PBXFileReference; lastKnownFileType = image.png; path = "nav_bar_image_setting@2x.png"; sourceTree = "<group>"; };
		4BD81454171404D500E5A54A /* nav_bar_bg@2x.png */ = {isa = PBXFileReference; lastKnownFileType = image.png; path = "nav_bar_bg@2x.png"; sourceTree = "<group>"; };
		4BD814571714059D00E5A54A /* main_add_project@2x.png */ = {isa = PBXFileReference; lastKnownFileType = image.png; path = "main_add_project@2x.png"; sourceTree = "<group>"; };
		4BD8145A1714080100E5A54A /* T4UIProject.h */ = {isa = PBXFileReference; fileEncoding = 4; lastKnownFileType = sourcecode.c.h; name = T4UIProject.h; path = Classes/T4UIProject.h; sourceTree = "<group>"; };
		4BD8145B1714080100E5A54A /* T4UIProject.m */ = {isa = PBXFileReference; fileEncoding = 4; lastKnownFileType = sourcecode.c.objc; name = T4UIProject.m; path = Classes/T4UIProject.m; sourceTree = "<group>"; };
		4BD8145D1714086500E5A54A /* T4UIProjectManager.h */ = {isa = PBXFileReference; fileEncoding = 4; lastKnownFileType = sourcecode.c.h; name = T4UIProjectManager.h; path = Classes/T4UIProjectManager.h; sourceTree = "<group>"; };
		4BD8145E1714086500E5A54A /* T4UIProjectManager.m */ = {isa = PBXFileReference; fileEncoding = 4; lastKnownFileType = sourcecode.c.objc; name = T4UIProjectManager.m; path = Classes/T4UIProjectManager.m; sourceTree = "<group>"; };
		4BD8146917141D4E00E5A54A /* main_table_view_block@2x.png */ = {isa = PBXFileReference; lastKnownFileType = image.png; path = "main_table_view_block@2x.png"; sourceTree = "<group>"; };
		4BD8146A17141D4E00E5A54A /* main_table_view_list@2x.png */ = {isa = PBXFileReference; lastKnownFileType = image.png; path = "main_table_view_list@2x.png"; sourceTree = "<group>"; };
		4BDD97D1171A9CF50023E20C /* app_icon.png */ = {isa = PBXFileReference; lastKnownFileType = image.png; name = app_icon.png; path = ../../app_icon.png; sourceTree = "<group>"; };
		4BDD97D3171A9CF90023E20C /* app_icon@2x.png */ = {isa = PBXFileReference; lastKnownFileType = image.png; name = "app_icon@2x.png"; path = "../../app_icon@2x.png"; sourceTree = "<group>"; };
		4BDD97D5171A9E9E0023E20C /* T4Toast.h */ = {isa = PBXFileReference; fileEncoding = 4; lastKnownFileType = sourcecode.c.h; name = T4Toast.h; path = Classes/UIKit/T4Toast.h; sourceTree = "<group>"; };
		4BDD97D6171A9E9E0023E20C /* T4Toast.m */ = {isa = PBXFileReference; fileEncoding = 4; lastKnownFileType = sourcecode.c.objc; name = T4Toast.m; path = Classes/UIKit/T4Toast.m; sourceTree = "<group>"; };
/* End PBXFileReference section */

/* Begin PBXFrameworksBuildPhase section */
		4B8B7257170BD11C00C47854 /* Frameworks */ = {
			isa = PBXFrameworksBuildPhase;
			buildActionMask = 2147483647;
			files = (
				4B8B725E170BD11C00C47854 /* UIKit.framework in Frameworks */,
				4B8B7260170BD11C00C47854 /* Foundation.framework in Frameworks */,
				4B8B7262170BD11C00C47854 /* CoreGraphics.framework in Frameworks */,
			);
			runOnlyForDeploymentPostprocessing = 0;
		};
/* End PBXFrameworksBuildPhase section */

/* Begin PBXGroup section */
		4B0CEAC71717DEE000B1589E /* Search */ = {
			isa = PBXGroup;
			children = (
				4B0CEAD21717FF7A00B1589E /* search_bar_bg@2x.png */,
				4B0CEAD31717FF7A00B1589E /* search_cell_icon@2x.png */,
				4B0CEAD41717FF7A00B1589E /* search_icon@2x.png */,
				4B0CEAD51717FF7A00B1589E /* search_input_bg@2x.png */,
				4B0CEAC81717DEE000B1589E /* search_button_normal@2x.png */,
				4B0CEAC91717DEE000B1589E /* search_button_press@2x.png */,
			);
			path = Search;
			sourceTree = "<group>";
		};
		4B0CEADD1718113000B1589E /* UIDesign */ = {
			isa = PBXGroup;
			children = (
				4B79E815171262E9004C151A /* T4UIViewData.h */,
				4B79E816171262E9004C151A /* T4UIViewData.m */,
				4B79E8201712A7C6004C151A /* T4UIManager.h */,
				4B79E8211712A7C7004C151A /* T4UIManager.m */,
				4B79E8231712A908004C151A /* T4UIFactory.h */,
				4B79E8241712A908004C151A /* T4UIFactory.m */,
				4B79E8261712AB02004C151A /* T4UICanvas.h */,
				4B79E8271712AB03004C151A /* T4UICanvas.m */,
				4B79E8291712AD31004C151A /* T4UIBuilder.h */,
				4B79E82A1712AD31004C151A /* T4UIBuilder.m */,
				4BD8145A1714080100E5A54A /* T4UIProject.h */,
				4BD8145B1714080100E5A54A /* T4UIProject.m */,
				4BD8145D1714086500E5A54A /* T4UIProjectManager.h */,
				4BD8145E1714086500E5A54A /* T4UIProjectManager.m */,
			);
			name = UIDesign;
			sourceTree = "<group>";
		};
		4B46DF881721718400B3FC90 /* Design */ = {
			isa = PBXGroup;
			children = (
				4B46DF891721718400B3FC90 /* design_btn_album_normal@2x.png */,
				4B46DF8A1721718400B3FC90 /* design_btn_album_press@2x.png */,
				4B46DF8B1721718400B3FC90 /* design_btn_camera_normal@2x.png */,
				4B46DF8C1721718400B3FC90 /* design_btn_camera_press@2x.png */,
				4B46DF8D1721718400B3FC90 /* design_btn_widget_normal@2x.png */,
				4B46DF8E1721718400B3FC90 /* design_btn_widget_press@2x.png */,
			);
			path = Design;
			sourceTree = "<group>";
		};
		4B56466D1723DB5600FD7973 /* Custom */ = {
			isa = PBXGroup;
			children = (
				4B56466E1723E7CD00FD7973 /* T4EditDialog.h */,
				4B56466F1723E7CD00FD7973 /* T4EditDialog.m */,
				4B5646701723E7CD00FD7973 /* T4OptionsDialog.h */,
				4B5646711723E7CD00FD7973 /* T4OptionsDialog.m */,
			);
			name = Custom;
			sourceTree = "<group>";
		};
		4B79E7F2171155F3004C151A /* Images */ = {
			isa = PBXGroup;
			children = (
				4BDD97D3171A9CF90023E20C /* app_icon@2x.png */,
				4BDD97D1171A9CF50023E20C /* app_icon.png */,
				4B0CEACC1717FE4E00B1589E /* Default-568h@2x.png */,
				4B0CEACD1717FE4E00B1589E /* Default.png */,
				4B0CEACE1717FE4E00B1589E /* Default@2x.png */,
				4B46DF881721718400B3FC90 /* Design */,
				4B0CEAC71717DEE000B1589E /* Search */,
				4BD814561714059D00E5A54A /* Main */,
				4B79E8351712C61F004C151A /* Common */,
			);
			path = Images;
			sourceTree = "<group>";
		};
		4B79E7F5171165CE004C151A /* Delegates */ = {
			isa = PBXGroup;
			children = (
				4B79E7F6171165CE004C151A /* T4AppDelegate.h */,
				4B79E7F7171165CE004C151A /* T4AppDelegate.m */,
			);
			path = Delegates;
			sourceTree = "<group>";
		};
		4B79E8111711CC37004C151A /* Classes */ = {
			isa = PBXGroup;
			children = (
				4B56466D1723DB5600FD7973 /* Custom */,
				4BDD97CD17196E600023E20C /* UIKit */,
				4B0CEADD1718113000B1589E /* UIDesign */,
				4BD814601714182200E5A54A /* Cell */,
				4BD81459171407B900E5A54A /* Controller */,
			);
			name = Classes;
			sourceTree = "<group>";
		};
		4B79E81817128AC3004C151A /* 3rdParty */ = {
			isa = PBXGroup;
			children = (
				4B79E8311712B846004C151A /* SynthesizeSingleton.h */,
				4B79E81917128B5D004C151A /* JsonKit */,
			);
			path = 3rdParty;
			sourceTree = "<group>";
		};
		4B79E81917128B5D004C151A /* JsonKit */ = {
			isa = PBXGroup;
			children = (
				4B79E81A17128B5D004C151A /* JSONKit.h */,
				4B79E81B17128B5D004C151A /* JSONKit.m */,
			);
			path = JsonKit;
			sourceTree = "<group>";
		};
		4B79E8351712C61F004C151A /* Common */ = {
			isa = PBXGroup;
			children = (
				4B5646DC17242CB600FD7973 /* edit_dialog_button_normal@2x.png */,
				4B5646DD17242CB600FD7973 /* edit_dialog_button_press@2x.png */,
				4B91CE12171EFEAE0094F7CA /* edit_dialog_bg@2x.png */,
				4B91CE13171EFEAE0094F7CA /* options_dialog_bg@2x.png */,
				4BC5DA4F171904F000A90BA0 /* nav_bar_edit@2x.png */,
				4BD81454171404D500E5A54A /* nav_bar_bg@2x.png */,
				4BD8144E1713D61900E5A54A /* nav_bar_image_add@2x.png */,
				4BD8144F1713D61900E5A54A /* nav_bar_image_back@2x.png */,
				4BD814501713D61900E5A54A /* nav_bar_image_setting@2x.png */,
				4B79E8361712C61F004C151A /* nav_bar_button_normal@2x.png */,
				4B79E8371712C61F004C151A /* nav_bar_button_press@2x.png */,
			);
			path = Common;
			sourceTree = "<group>";
		};
		4B8B7251170BD11C00C47854 = {
			isa = PBXGroup;
			children = (
				4B8B7263170BD11C00C47854 /* UIdea */,
				4B8B725C170BD11C00C47854 /* Frameworks */,
				4B8B725B170BD11C00C47854 /* Products */,
			);
			sourceTree = "<group>";
		};
		4B8B725B170BD11C00C47854 /* Products */ = {
			isa = PBXGroup;
			children = (
				4B8B725A170BD11C00C47854 /* UIdea.app */,
			);
			name = Products;
			sourceTree = "<group>";
		};
		4B8B725C170BD11C00C47854 /* Frameworks */ = {
			isa = PBXGroup;
			children = (
				4B8B725D170BD11C00C47854 /* UIKit.framework */,
				4B8B725F170BD11C00C47854 /* Foundation.framework */,
				4B8B7261170BD11C00C47854 /* CoreGraphics.framework */,
			);
			name = Frameworks;
			sourceTree = "<group>";
		};
		4B8B7263170BD11C00C47854 /* UIdea */ = {
			isa = PBXGroup;
			children = (
				4B79E81817128AC3004C151A /* 3rdParty */,
				4B79E8111711CC37004C151A /* Classes */,
				4B79E7F5171165CE004C151A /* Delegates */,
				4B79E7F2171155F3004C151A /* Images */,
				4B8B7264170BD11C00C47854 /* Supporting Files */,
			);
			path = UIdea;
			sourceTree = "<group>";
		};
		4B8B7264170BD11C00C47854 /* Supporting Files */ = {
			isa = PBXGroup;
			children = (
				4B8B7265170BD11C00C47854 /* UIdea-Info.plist */,
				4B8B7266170BD11C00C47854 /* InfoPlist.strings */,
				4B8B7269170BD11C00C47854 /* main.m */,
				4B8B726B170BD11C00C47854 /* UIdea-Prefix.pch */,
				4BD34A411714626800DEA8A7 /* T4Macros.h */,
			);
			name = "Supporting Files";
			sourceTree = "<group>";
		};
		4BD814561714059D00E5A54A /* Main */ = {
			isa = PBXGroup;
			children = (
				4B14738617156B4A00CC7A6F /* main_project_cell_selected@2x.png */,
				4BD34A4A17146AF000DEA8A7 /* main_project_cell_empty@2x.png */,
				4BD34A4B17146AF000DEA8A7 /* main_project_cell_full@2x.png */,
				4BD8146917141D4E00E5A54A /* main_table_view_block@2x.png */,
				4BD8146A17141D4E00E5A54A /* main_table_view_list@2x.png */,
				4BD814571714059D00E5A54A /* main_add_project@2x.png */,
			);
			path = Main;
			sourceTree = "<group>";
		};
		4BD81459171407B900E5A54A /* Controller */ = {
			isa = PBXGroup;
			children = (
				4B79E8121711CC83004C151A /* T4ControllerManager.h */,
				4B79E8131711CC83004C151A /* T4ControllerManager.m */,
				4B79E8321712C475004C151A /* T4ViewController.h */,
				4B79E8331712C475004C151A /* T4ViewController.m */,
				4B79E82C1712B77D004C151A /* T4MainViewController.h */,
				4B79E82D1712B77D004C151A /* T4MainViewController.m */,
				4B79E82E1712B77E004C151A /* T4MainViewController.xib */,
				4B0CEAC21717D72500B1589E /* T4SearchViewController.h */,
				4B0CEAC31717D72500B1589E /* T4SearchViewController.m */,
				4B0CEAC41717D72500B1589E /* T4SearchViewController.xib */,
				4BC5DA471718DDD700A90BA0 /* T4ProjectViewController.h */,
				4BC5DA481718DDD700A90BA0 /* T4ProjectViewController.m */,
				4BC5DA491718DDD800A90BA0 /* T4ProjectViewController.xib */,
			);
			name = Controller;
			sourceTree = "<group>";
		};
		4BD814601714182200E5A54A /* Cell */ = {
			isa = PBXGroup;
			children = (
				4BD34A441714650800DEA8A7 /* T4ProjectCell.h */,
				4BD34A451714650800DEA8A7 /* T4ProjectCell.m */,
				4BD34A471714676200DEA8A7 /* T4TableViewCell.h */,
				4BD34A481714676200DEA8A7 /* T4TableViewCell.m */,
				4BC5DA4C1718EDBC00A90BA0 /* T4SearchCell.h */,
				4BC5DA4D1718EDBC00A90BA0 /* T4SearchCell.m */,
			);
			name = Cell;
			sourceTree = "<group>";
		};
		4BDD97CD17196E600023E20C /* UIKit */ = {
			isa = PBXGroup;
			children = (
				4B9B8E7C171D95AC00C979F4 /* T4Dialog.h */,
				4B9B8E7D171D95AC00C979F4 /* T4Dialog.m */,
				4BDD97D5171A9E9E0023E20C /* T4Toast.h */,
				4BDD97D6171A9E9E0023E20C /* T4Toast.m */,
			);
			name = UIKit;
			sourceTree = "<group>";
		};
/* End PBXGroup section */

/* Begin PBXNativeTarget section */
		4B8B7259170BD11C00C47854 /* UIdea */ = {
			isa = PBXNativeTarget;
			buildConfigurationList = 4B8B7277170BD11C00C47854 /* Build configuration list for PBXNativeTarget "UIdea" */;
			buildPhases = (
				4B8B7256170BD11C00C47854 /* Sources */,
				4B8B7257170BD11C00C47854 /* Frameworks */,
				4B8B7258170BD11C00C47854 /* Resources */,
			);
			buildRules = (
			);
			dependencies = (
			);
			name = UIdea;
			productName = UIdea;
			productReference = 4B8B725A170BD11C00C47854 /* UIdea.app */;
			productType = "com.apple.product-type.application";
		};
/* End PBXNativeTarget section */

/* Begin PBXProject section */
		4B8B7252170BD11C00C47854 /* Project object */ = {
			isa = PBXProject;
			attributes = {
				CLASSPREFIX = t4;
				LastUpgradeCheck = 0460;
				ORGANIZATIONNAME = Team4;
			};
			buildConfigurationList = 4B8B7255170BD11C00C47854 /* Build configuration list for PBXProject "UIdea" */;
			compatibilityVersion = "Xcode 3.2";
			developmentRegion = English;
			hasScannedForEncodings = 0;
			knownRegions = (
				en,
			);
			mainGroup = 4B8B7251170BD11C00C47854;
			productRefGroup = 4B8B725B170BD11C00C47854 /* Products */;
			projectDirPath = "";
			projectRoot = "";
			targets = (
				4B8B7259170BD11C00C47854 /* UIdea */,
			);
		};
/* End PBXProject section */

/* Begin PBXResourcesBuildPhase section */
		4B8B7258170BD11C00C47854 /* Resources */ = {
			isa = PBXResourcesBuildPhase;
			buildActionMask = 2147483647;
			files = (
				4B8B7268170BD11C00C47854 /* InfoPlist.strings in Resources */,
				4B79E8301712B77F004C151A /* T4MainViewController.xib in Resources */,
				4B79E8381712C61F004C151A /* nav_bar_button_normal@2x.png in Resources */,
				4B79E8391712C61F004C151A /* nav_bar_button_press@2x.png in Resources */,
				4BD814511713D61900E5A54A /* nav_bar_image_add@2x.png in Resources */,
				4BD814521713D61900E5A54A /* nav_bar_image_back@2x.png in Resources */,
				4BD814531713D61900E5A54A /* nav_bar_image_setting@2x.png in Resources */,
				4BD81455171404D500E5A54A /* nav_bar_bg@2x.png in Resources */,
				4BD814581714059D00E5A54A /* main_add_project@2x.png in Resources */,
				4BD8146B17141D4E00E5A54A /* main_table_view_block@2x.png in Resources */,
				4BD8146C17141D4E00E5A54A /* main_table_view_list@2x.png in Resources */,
				4BD34A4C17146AF000DEA8A7 /* main_project_cell_empty@2x.png in Resources */,
				4BD34A4D17146AF000DEA8A7 /* main_project_cell_full@2x.png in Resources */,
				4B14738717156B4A00CC7A6F /* main_project_cell_selected@2x.png in Resources */,
				4B0CEAC61717D72500B1589E /* T4SearchViewController.xib in Resources */,
				4B0CEACA1717DEE000B1589E /* search_button_normal@2x.png in Resources */,
				4B0CEACB1717DEE000B1589E /* search_button_press@2x.png in Resources */,
				4B0CEACF1717FE4E00B1589E /* Default-568h@2x.png in Resources */,
				4B0CEAD01717FE4E00B1589E /* Default.png in Resources */,
				4B0CEAD11717FE4E00B1589E /* Default@2x.png in Resources */,
				4B0CEAD61717FF7A00B1589E /* search_bar_bg@2x.png in Resources */,
				4B0CEAD71717FF7A00B1589E /* search_cell_icon@2x.png in Resources */,
				4B0CEAD81717FF7A00B1589E /* search_icon@2x.png in Resources */,
				4B0CEAD91717FF7A00B1589E /* search_input_bg@2x.png in Resources */,
				4BC5DA4B1718DDD800A90BA0 /* T4ProjectViewController.xib in Resources */,
				4BC5DA50171904F000A90BA0 /* nav_bar_edit@2x.png in Resources */,
				4BDD97D2171A9CF50023E20C /* app_icon.png in Resources */,
				4BDD97D4171A9CF90023E20C /* app_icon@2x.png in Resources */,
				4B91CE14171EFEAE0094F7CA /* edit_dialog_bg@2x.png in Resources */,
				4B91CE15171EFEAE0094F7CA /* options_dialog_bg@2x.png in Resources */,
				4B46DF8F1721718400B3FC90 /* design_btn_album_normal@2x.png in Resources */,
				4B46DF901721718400B3FC90 /* design_btn_album_press@2x.png in Resources */,
				4B46DF911721718400B3FC90 /* design_btn_camera_normal@2x.png in Resources */,
				4B46DF921721718400B3FC90 /* design_btn_camera_press@2x.png in Resources */,
				4B46DF931721718400B3FC90 /* design_btn_widget_normal@2x.png in Resources */,
				4B46DF941721718400B3FC90 /* design_btn_widget_press@2x.png in Resources */,
				4B5646DE17242CB600FD7973 /* edit_dialog_button_normal@2x.png in Resources */,
				4B5646DF17242CB600FD7973 /* edit_dialog_button_press@2x.png in Resources */,
			);
			runOnlyForDeploymentPostprocessing = 0;
		};
/* End PBXResourcesBuildPhase section */

/* Begin PBXSourcesBuildPhase section */
		4B8B7256170BD11C00C47854 /* Sources */ = {
			isa = PBXSourcesBuildPhase;
			buildActionMask = 2147483647;
			files = (
				4B8B726A170BD11C00C47854 /* main.m in Sources */,
				4B79E7F8171165CE004C151A /* T4AppDelegate.m in Sources */,
				4B79E8141711CC83004C151A /* T4ControllerManager.m in Sources */,
				4B79E817171262E9004C151A /* T4UIViewData.m in Sources */,
				4B79E81C17128B5D004C151A /* JSONKit.m in Sources */,
				4B79E8221712A7C7004C151A /* T4UIManager.m in Sources */,
				4B79E8251712A908004C151A /* T4UIFactory.m in Sources */,
				4B79E8281712AB03004C151A /* T4UICanvas.m in Sources */,
				4B79E82B1712AD32004C151A /* T4UIBuilder.m in Sources */,
				4B79E82F1712B77F004C151A /* T4MainViewController.m in Sources */,
				4B79E8341712C476004C151A /* T4ViewController.m in Sources */,
				4BD8145C1714080100E5A54A /* T4UIProject.m in Sources */,
				4BD8145F1714086500E5A54A /* T4UIProjectManager.m in Sources */,
				4BD34A461714650800DEA8A7 /* T4ProjectCell.m in Sources */,
				4BD34A491714676200DEA8A7 /* T4TableViewCell.m in Sources */,
				4B0CEAC51717D72500B1589E /* T4SearchViewController.m in Sources */,
				4BC5DA4A1718DDD800A90BA0 /* T4ProjectViewController.m in Sources */,
				4BC5DA4E1718EDBC00A90BA0 /* T4SearchCell.m in Sources */,
				4BDD97D7171A9E9E0023E20C /* T4Toast.m in Sources */,
				4B9B8E7E171D95AC00C979F4 /* T4Dialog.m in Sources */,
				4B5646721723E7CD00FD7973 /* T4EditDialog.m in Sources */,
				4B5646731723E7CD00FD7973 /* T4OptionsDialog.m in Sources */,
			);
			runOnlyForDeploymentPostprocessing = 0;
		};
/* End PBXSourcesBuildPhase section */

/* Begin PBXVariantGroup section */
		4B8B7266170BD11C00C47854 /* InfoPlist.strings */ = {
			isa = PBXVariantGroup;
			children = (
				4B8B7267170BD11C00C47854 /* en */,
			);
			name = InfoPlist.strings;
			sourceTree = "<group>";
		};
/* End PBXVariantGroup section */

/* Begin XCBuildConfiguration section */
		4B8B7275170BD11C00C47854 /* Debug */ = {
			isa = XCBuildConfiguration;
			buildSettings = {
				ALWAYS_SEARCH_USER_PATHS = NO;
				CLANG_CXX_LANGUAGE_STANDARD = "gnu++0x";
				CLANG_CXX_LIBRARY = "libc++";
				CLANG_WARN_CONSTANT_CONVERSION = YES;
				CLANG_WARN_EMPTY_BODY = YES;
				CLANG_WARN_ENUM_CONVERSION = YES;
				CLANG_WARN_INT_CONVERSION = YES;
				CLANG_WARN__DUPLICATE_METHOD_MATCH = YES;
				"CODE_SIGN_IDENTITY[sdk=iphoneos*]" = "iPhone Developer";
				COPY_PHASE_STRIP = NO;
				GCC_C_LANGUAGE_STANDARD = gnu99;
				GCC_DYNAMIC_NO_PIC = NO;
				GCC_OPTIMIZATION_LEVEL = 0;
				GCC_PREPROCESSOR_DEFINITIONS = (
					"DEBUG=1",
					"$(inherited)",
				);
				GCC_SYMBOLS_PRIVATE_EXTERN = NO;
				GCC_WARN_ABOUT_RETURN_TYPE = YES;
				GCC_WARN_UNINITIALIZED_AUTOS = YES;
				GCC_WARN_UNUSED_VARIABLE = YES;
				IPHONEOS_DEPLOYMENT_TARGET = 6.1;
				ONLY_ACTIVE_ARCH = YES;
				SDKROOT = iphoneos;
			};
			name = Debug;
		};
		4B8B7276170BD11C00C47854 /* Release */ = {
			isa = XCBuildConfiguration;
			buildSettings = {
				ALWAYS_SEARCH_USER_PATHS = NO;
				CLANG_CXX_LANGUAGE_STANDARD = "gnu++0x";
				CLANG_CXX_LIBRARY = "libc++";
				CLANG_WARN_CONSTANT_CONVERSION = YES;
				CLANG_WARN_EMPTY_BODY = YES;
				CLANG_WARN_ENUM_CONVERSION = YES;
				CLANG_WARN_INT_CONVERSION = YES;
				CLANG_WARN__DUPLICATE_METHOD_MATCH = YES;
				"CODE_SIGN_IDENTITY[sdk=iphoneos*]" = "iPhone Developer";
				COPY_PHASE_STRIP = YES;
				GCC_C_LANGUAGE_STANDARD = gnu99;
				GCC_WARN_ABOUT_RETURN_TYPE = YES;
				GCC_WARN_UNINITIALIZED_AUTOS = YES;
				GCC_WARN_UNUSED_VARIABLE = YES;
				IPHONEOS_DEPLOYMENT_TARGET = 6.1;
				OTHER_CFLAGS = "-DNS_BLOCK_ASSERTIONS=1";
				SDKROOT = iphoneos;
				VALIDATE_PRODUCT = YES;
			};
			name = Release;
		};
		4B8B7278170BD11C00C47854 /* Debug */ = {
			isa = XCBuildConfiguration;
			buildSettings = {
				GCC_PRECOMPILE_PREFIX_HEADER = YES;
				GCC_PREFIX_HEADER = "UIdea/UIdea-Prefix.pch";
				INFOPLIST_FILE = "UIdea/UIdea-Info.plist";
				PRODUCT_NAME = "$(TARGET_NAME)";
				WRAPPER_EXTENSION = app;
			};
			name = Debug;
		};
		4B8B7279170BD11C00C47854 /* Release */ = {
			isa = XCBuildConfiguration;
			buildSettings = {
				GCC_PRECOMPILE_PREFIX_HEADER = YES;
				GCC_PREFIX_HEADER = "UIdea/UIdea-Prefix.pch";
				INFOPLIST_FILE = "UIdea/UIdea-Info.plist";
				PRODUCT_NAME = "$(TARGET_NAME)";
				WRAPPER_EXTENSION = app;
			};
			name = Release;
		};
/* End XCBuildConfiguration section */

/* Begin XCConfigurationList section */
		4B8B7255170BD11C00C47854 /* Build configuration list for PBXProject "UIdea" */ = {
			isa = XCConfigurationList;
			buildConfigurations = (
				4B8B7275170BD11C00C47854 /* Debug */,
				4B8B7276170BD11C00C47854 /* Release */,
			);
			defaultConfigurationIsVisible = 0;
			defaultConfigurationName = Release;
		};
		4B8B7277170BD11C00C47854 /* Build configuration list for PBXNativeTarget "UIdea" */ = {
			isa = XCConfigurationList;
			buildConfigurations = (
				4B8B7278170BD11C00C47854 /* Debug */,
				4B8B7279170BD11C00C47854 /* Release */,
			);
			defaultConfigurationIsVisible = 0;
			defaultConfigurationName = Release;
		};
/* End XCConfigurationList section */
	};
	rootObject = 4B8B7252170BD11C00C47854 /* Project object */;
}
